// !$*UTF8*$!
{
	archiveVersion = 1;
	classes = {
	};
	objectVersion = 56;
	objects = {

/* Begin PBXBuildFile section */
		CECC7DFC296EAC6A00ADC43E /* AppDelegate.swift in Sources */ = {isa = PBXBuildFile; fileRef = CECC7DFB296EAC6A00ADC43E /* AppDelegate.swift */; };
		CECC7DFE296EAC6A00ADC43E /* SceneDelegate.swift in Sources */ = {isa = PBXBuildFile; fileRef = CECC7DFD296EAC6A00ADC43E /* SceneDelegate.swift */; };
		CECC7E00296EAC6A00ADC43E /* ViewController.swift in Sources */ = {isa = PBXBuildFile; fileRef = CECC7DFF296EAC6A00ADC43E /* ViewController.swift */; };
		CECC7E03296EAC6A00ADC43E /* Main.storyboard in Resources */ = {isa = PBXBuildFile; fileRef = CECC7E01296EAC6A00ADC43E /* Main.storyboard */; };
		CECC7E05296EAC6B00ADC43E /* Assets.xcassets in Resources */ = {isa = PBXBuildFile; fileRef = CECC7E04296EAC6B00ADC43E /* Assets.xcassets */; };
		CECC7E08296EAC6B00ADC43E /* LaunchScreen.storyboard in Resources */ = {isa = PBXBuildFile; fileRef = CECC7E06296EAC6B00ADC43E /* LaunchScreen.storyboard */; };
		CECC7E10296EB51500ADC43E /* Login.swift in Sources */ = {isa = PBXBuildFile; fileRef = CECC7E0F296EB51500ADC43E /* Login.swift */; };
/* End PBXBuildFile section */

/* Begin PBXFileReference section */
		CECC7DF8296EAC6A00ADC43E /* CompanyProject.app */ = {isa = PBXFileReference; explicitFileType = wrapper.application; includeInIndex = 0; path = CompanyProject.app; sourceTree = BUILT_PRODUCTS_DIR; };
		CECC7DFB296EAC6A00ADC43E /* AppDelegate.swift */ = {isa = PBXFileReference; lastKnownFileType = sourcecode.swift; path = AppDelegate.swift; sourceTree = "<group>"; };
		CECC7DFD296EAC6A00ADC43E /* SceneDelegate.swift */ = {isa = PBXFileReference; lastKnownFileType = sourcecode.swift; path = SceneDelegate.swift; sourceTree = "<group>"; };
		CECC7DFF296EAC6A00ADC43E /* ViewController.swift */ = {isa = PBXFileReference; lastKnownFileType = sourcecode.swift; path = ViewController.swift; sourceTree = "<group>"; };
		CECC7E02296EAC6A00ADC43E /* Base */ = {isa = PBXFileReference; lastKnownFileType = file.storyboard; name = Base; path = Base.lproj/Main.storyboard; sourceTree = "<group>"; };
		CECC7E04296EAC6B00ADC43E /* Assets.xcassets */ = {isa = PBXFileReference; lastKnownFileType = folder.assetcatalog; path = Assets.xcassets; sourceTree = "<group>"; };
		CECC7E07296EAC6B00ADC43E /* Base */ = {isa = PBXFileReference; lastKnownFileType = file.storyboard; name = Base; path = Base.lproj/LaunchScreen.storyboard; sourceTree = "<group>"; };
		CECC7E09296EAC6B00ADC43E /* Info.plist */ = {isa = PBXFileReference; lastKnownFileType = text.plist.xml; path = Info.plist; sourceTree = "<group>"; };
		CECC7E0F296EB51500ADC43E /* Login.swift */ = {isa = PBXFileReference; lastKnownFileType = sourcecode.swift; path = Login.swift; sourceTree = "<group>"; };
/* End PBXFileReference section */

/* Begin PBXFrameworksBuildPhase section */
		CECC7DF5296EAC6A00ADC43E /* Frameworks */ = {
			isa = PBXFrameworksBuildPhase;
			buildActionMask = 2147483647;
			files = (
			);
			runOnlyForDeploymentPostprocessing = 0;
		};
/* End PBXFrameworksBuildPhase section */

/* Begin PBXGroup section */
		CECC7DEF296EAC6A00ADC43E = {
			isa = PBXGroup;
			children = (
				CECC7DFA296EAC6A00ADC43E /* CompanyProject */,
				CECC7DF9296EAC6A00ADC43E /* Products */,
			);
			sourceTree = "<group>";
		};
		CECC7DF9296EAC6A00ADC43E /* Products */ = {
			isa = PBXGroup;
			children = (
				CECC7DF8296EAC6A00ADC43E /* CompanyProject.app */,
			);
			name = Products;
			sourceTree = "<group>";
		};
		CECC7DFA296EAC6A00ADC43E /* CompanyProject */ = {
			isa = PBXGroup;
			children = (
				CECC7DFB296EAC6A00ADC43E /* AppDelegate.swift */,
				CECC7DFD296EAC6A00ADC43E /* SceneDelegate.swift */,
				CECC7DFF296EAC6A00ADC43E /* ViewController.swift */,
				CECC7E01296EAC6A00ADC43E /* Main.storyboard */,
				CECC7E04296EAC6B00ADC43E /* Assets.xcassets */,
				CECC7E06296EAC6B00ADC43E /* LaunchScreen.storyboard */,
				CECC7E09296EAC6B00ADC43E /* Info.plist */,
				CECC7E0F296EB51500ADC43E /* Login.swift */,
			);
			path = CompanyProject;
			sourceTree = "<group>";
		};
/* End PBXGroup section */

/* Begin PBXNativeTarget section */
		CECC7DF7296EAC6A00ADC43E /* CompanyProject */ = {
			isa = PBXNativeTarget;
			buildConfigurationList = CECC7E0C296EAC6B00ADC43E /* Build configuration list for PBXNativeTarget "CompanyProject" */;
			buildPhases = (
				CECC7DF4296EAC6A00ADC43E /* Sources */,
				CECC7DF5296EAC6A00ADC43E /* Frameworks */,
				CECC7DF6296EAC6A00ADC43E /* Resources */,
			);
			buildRules = (
			);
			dependencies = (
			);
			name = CompanyProject;
			productName = CompanyProject;
			productReference = CECC7DF8296EAC6A00ADC43E /* CompanyProject.app */;
			productType = "com.apple.product-type.application";
		};
/* End PBXNativeTarget section */

/* Begin PBXProject section */
		CECC7DF0296EAC6A00ADC43E /* Project object */ = {
			isa = PBXProject;
			attributes = {
				BuildIndependentTargetsInParallel = 1;
				LastSwiftUpdateCheck = 1420;
				LastUpgradeCheck = 1420;
				TargetAttributes = {
					CECC7DF7296EAC6A00ADC43E = {
						CreatedOnToolsVersion = 14.2;
					};
				};
			};
			buildConfigurationList = CECC7DF3296EAC6A00ADC43E /* Build configuration list for PBXProject "CompanyProject" */;
			compatibilityVersion = "Xcode 14.0";
			developmentRegion = en;
			hasScannedForEncodings = 0;
			knownRegions = (
				en,
				Base,
			);
			mainGroup = CECC7DEF296EAC6A00ADC43E;
			productRefGroup = CECC7DF9296EAC6A00ADC43E /* Products */;
			projectDirPath = "";
			projectRoot = "";
			targets = (
				CECC7DF7296EAC6A00ADC43E /* CompanyProject */,
			);
		};
/* End PBXProject section */

/* Begin PBXResourcesBuildPhase section */
		CECC7DF6296EAC6A00ADC43E /* Resources */ = {
			isa = PBXResourcesBuildPhase;
			buildActionMask = 2147483647;
			files = (
				CECC7E08296EAC6B00ADC43E /* LaunchScreen.storyboard in Resources */,
				CECC7E05296EAC6B00ADC43E /* Assets.xcassets in Resources */,
				CECC7E03296EAC6A00ADC43E /* Main.storyboard in Resources */,
			);
			runOnlyForDeploymentPostprocessing = 0;
		};
/* End PBXResourcesBuildPhase section */

/* Begin PBXSourcesBuildPhase section */
		CECC7DF4296EAC6A00ADC43E /* Sources */ = {
			isa = PBXSourcesBuildPhase;
			buildActionMask = 2147483647;
			files = (
				CECC7E00296EAC6A00ADC43E /* ViewController.swift in Sources */,
				CECC7DFC296EAC6A00ADC43E /* AppDelegate.swift in Sources */,
				CECC7DFE296EAC6A00ADC43E /* SceneDelegate.swift in Sources */,
				CECC7E10296EB51500ADC43E /* Login.swift in Sources */,
			);
			runOnlyForDeploymentPostprocessing = 0;
		};
/* End PBXSourcesBuildPhase section */

/* Begin PBXVariantGroup section */
		CECC7E01296EAC6A00ADC43E /* Main.storyboard */ = {
			isa = PBXVariantGroup;
			children = (
				CECC7E02296EAC6A00ADC43E /* Base */,
			);
			name = Main.storyboard;
			sourceTree = "<group>";
		};
		CECC7E06296EAC6B00ADC43E /* LaunchScreen.storyboard */ = {
			isa = PBXVariantGroup;
			children = (
				CECC7E07296EAC6B00ADC43E /* Base */,
			);
			name = LaunchScreen.storyboard;
			sourceTree = "<group>";
		};
/* End PBXVariantGroup section */

/* Begin XCBuildConfiguration section */
		CECC7E0A296EAC6B00ADC43E /* Debug */ = {
			isa = XCBuildConfiguration;
			buildSettings = {
				ALWAYS_SEARCH_USER_PATHS = NO;
				CLANG_ANALYZER_NONNULL = YES;
				CLANG_ANALYZER_NUMBER_OBJECT_CONVERSION = YES_AGGRESSIVE;
				CLANG_CXX_LANGUAGE_STANDARD = "gnu++20";
				CLANG_ENABLE_MODULES = YES;
				CLANG_ENABLE_OBJC_ARC = YES;
				CLANG_ENABLE_OBJC_WEAK = YES;
				CLANG_WARN_BLOCK_CAPTURE_AUTORELEASING = YES;
				CLANG_WARN_BOOL_CONVERSION = YES;
				CLANG_WARN_COMMA = YES;
				CLANG_WARN_CONSTANT_CONVERSION = YES;
				CLANG_WARN_DEPRECATED_OBJC_IMPLEMENTATIONS = YES;
				CLANG_WARN_DIRECT_OBJC_ISA_USAGE = YES_ERROR;
				CLANG_WARN_DOCUMENTATION_COMMENTS = YES;
				CLANG_WARN_EMPTY_BODY = YES;
				CLANG_WARN_ENUM_CONVERSION = YES;
				CLANG_WARN_INFINITE_RECURSION = YES;
				CLANG_WARN_INT_CONVERSION = YES;
				CLANG_WARN_NON_LITERAL_NULL_CONVERSION = YES;
				CLANG_WARN_OBJC_IMPLICIT_RETAIN_SELF = YES;
				CLANG_WARN_OBJC_LITERAL_CONVERSION = YES;
				CLANG_WARN_OBJC_ROOT_CLASS = YES_ERROR;
				CLANG_WARN_QUOTED_INCLUDE_IN_FRAMEWORK_HEADER = YES;
				CLANG_WARN_RANGE_LOOP_ANALYSIS = YES;
				CLANG_WARN_STRICT_PROTOTYPES = YES;
				CLANG_WARN_SUSPICIOUS_MOVE = YES;
				CLANG_WARN_UNGUARDED_AVAILABILITY = YES_AGGRESSIVE;
				CLANG_WARN_UNREACHABLE_CODE = YES;
				CLANG_WARN__DUPLICATE_METHOD_MATCH = YES;
				COPY_PHASE_STRIP = NO;
				DEBUG_INFORMATION_FORMAT = dwarf;
				ENABLE_STRICT_OBJC_MSGSEND = YES;
				ENABLE_TESTABILITY = YES;
				GCC_C_LANGUAGE_STANDARD = gnu11;
				GCC_DYNAMIC_NO_PIC = NO;
				GCC_NO_COMMON_BLOCKS = YES;
				GCC_OPTIMIZATION_LEVEL = 0;
				GCC_PREPROCESSOR_DEFINITIONS = (
					"DEBUG=1",
					"$(inherited)",
				);
				GCC_WARN_64_TO_32_BIT_CONVERSION = YES;
				GCC_WARN_ABOUT_RETURN_TYPE = YES_ERROR;
				GCC_WARN_UNDECLARED_SELECTOR = YES;
				GCC_WARN_UNINITIALIZED_AUTOS = YES_AGGRESSIVE;
				GCC_WARN_UNUSED_FUNCTION = YES;
				GCC_WARN_UNUSED_VARIABLE = YES;
				IPHONEOS_DEPLOYMENT_TARGET = 16.2;
				MTL_ENABLE_DEBUG_INFO = INCLUDE_SOURCE;
				MTL_FAST_MATH = YES;
				ONLY_ACTIVE_ARCH = YES;
				SDKROOT = iphoneos;
				SWIFT_ACTIVE_COMPILATION_CONDITIONS = DEBUG;
				SWIFT_OPTIMIZATION_LEVEL = "-Onone";
			};
			name = Debug;
		};
		CECC7E0B296EAC6B00ADC43E /* Release */ = {
			isa = XCBuildConfiguration;
			buildSettings = {
				ALWAYS_SEARCH_USER_PATHS = NO;
				CLANG_ANALYZER_NONNULL = YES;
				CLANG_ANALYZER_NUMBER_OBJECT_CONVERSION = YES_AGGRESSIVE;
				CLANG_CXX_LANGUAGE_STANDARD = "gnu++20";
				CLANG_ENABLE_MODULES = YES;
				CLANG_ENABLE_OBJC_ARC = YES;
				CLANG_ENABLE_OBJC_WEAK = YES;
				CLANG_WARN_BLOCK_CAPTURE_AUTORELEASING = YES;
				CLANG_WARN_BOOL_CONVERSION = YES;
				CLANG_WARN_COMMA = YES;
				CLANG_WARN_CONSTANT_CONVERSION = YES;
				CLANG_WARN_DEPRECATED_OBJC_IMPLEMENTATIONS = YES;
				CLANG_WARN_DIRECT_OBJC_ISA_USAGE = YES_ERROR;
				CLANG_WARN_DOCUMENTATION_COMMENTS = YES;
				CLANG_WARN_EMPTY_BODY = YES;
				CLANG_WARN_ENUM_CONVERSION = YES;
				CLANG_WARN_INFINITE_RECURSION = YES;
				CLANG_WARN_INT_CONVERSION = YES;
				CLANG_WARN_NON_LITERAL_NULL_CONVERSION = YES;
				CLANG_WARN_OBJC_IMPLICIT_RETAIN_SELF = YES;
				CLANG_WARN_OBJC_LITERAL_CONVERSION = YES;
				CLANG_WARN_OBJC_ROOT_CLASS = YES_ERROR;
				CLANG_WARN_QUOTED_INCLUDE_IN_FRAMEWORK_HEADER = YES;
				CLANG_WARN_RANGE_LOOP_ANALYSIS = YES;
				CLANG_WARN_STRICT_PROTOTYPES = YES;
				CLANG_WARN_SUSPICIOUS_MOVE = YES;
				CLANG_WARN_UNGUARDED_AVAILABILITY = YES_AGGRESSIVE;
				CLANG_WARN_UNREACHABLE_CODE = YES;
				CLANG_WARN__DUPLICATE_METHOD_MATCH = YES;
				COPY_PHASE_STRIP = NO;
				DEBUG_INFORMATION_FORMAT = "dwarf-with-dsym";
				ENABLE_NS_ASSERTIONS = NO;
				ENABLE_STRICT_OBJC_MSGSEND = YES;
				GCC_C_LANGUAGE_STANDARD = gnu11;
				GCC_NO_COMMON_BLOCKS = YES;
				GCC_WARN_64_TO_32_BIT_CONVERSION = YES;
				GCC_WARN_ABOUT_RETURN_TYPE = YES_ERROR;
				GCC_WARN_UNDECLARED_SELECTOR = YES;
				GCC_WARN_UNINITIALIZED_AUTOS = YES_AGGRESSIVE;
				GCC_WARN_UNUSED_FUNCTION = YES;
				GCC_WARN_UNUSED_VARIABLE = YES;
				IPHONEOS_DEPLOYMENT_TARGET = 16.2;
				MTL_ENABLE_DEBUG_INFO = NO;
				MTL_FAST_MATH = YES;
				SDKROOT = iphoneos;
				SWIFT_COMPILATION_MODE = wholemodule;
				SWIFT_OPTIMIZATION_LEVEL = "-O";
				VALIDATE_PRODUCT = YES;
			};
			name = Release;
		};
		CECC7E0D296EAC6B00ADC43E /* Debug */ = {
			isa = XCBuildConfiguration;
			buildSettings = {
				ASSETCATALOG_COMPILER_APPICON_NAME = AppIcon;
				ASSETCATALOG_COMPILER_GLOBAL_ACCENT_COLOR_NAME = AccentColor;
				CODE_SIGN_STYLE = Automatic;
				CURRENT_PROJECT_VERSION = 1;
				GENERATE_INFOPLIST_FILE = YES;
				INFOPLIST_FILE = CompanyProject/Info.plist;
				INFOPLIST_KEY_UIApplicationSupportsIndirectInputEvents = YES;
				INFOPLIST_KEY_UILaunchStoryboardName = LaunchScreen;
				INFOPLIST_KEY_UIMainStoryboardFile = Main;
				INFOPLIST_KEY_UISupportedInterfaceOrientations_iPad = "UIInterfaceOrientationPortrait UIInterfaceOrientationPortraitUpsideDown UIInterfaceOrientationLandscapeLeft UIInterfaceOrientationLandscapeRight";
				INFOPLIST_KEY_UISupportedInterfaceOrientations_iPhone = "UIInterfaceOrientationPortrait UIInterfaceOrientationLandscapeLeft UIInterfaceOrientationLandscapeRight";
				LD_RUNPATH_SEARCH_PATHS = (
					"$(inherited)",
					"@executable_path/Frameworks",
				);
				MARKETING_VERSION = 1.0;
				PRODUCT_BUNDLE_IDENTIFIER = com.companyproject.CompanyProject;
				PRODUCT_NAME = "$(TARGET_NAME)";
				SWIFT_EMIT_LOC_STRINGS = YES;
				SWIFT_VERSION = 5.0;
				TARGETED_DEVICE_FAMILY = "1,2";
			};
			name = Debug;
		};
		CECC7E0E296EAC6B00ADC43E /* Release */ = {
			isa = XCBuildConfiguration;
			buildSettings = {
				ASSETCATALOG_COMPILER_APPICON_NAME = AppIcon;
				ASSETCATALOG_COMPILER_GLOBAL_ACCENT_COLOR_NAME = AccentColor;
				CODE_SIGN_STYLE = Automatic;
				CURRENT_PROJECT_VERSION = 1;
				GENERATE_INFOPLIST_FILE = YES;
				INFOPLIST_FILE = CompanyProject/Info.plist;
				INFOPLIST_KEY_UIApplicationSupportsIndirectInputEvents = YES;
				INFOPLIST_KEY_UILaunchStoryboardName = LaunchScreen;
				INFOPLIST_KEY_UIMainStoryboardFile = Main;
				INFOPLIST_KEY_UISupportedInterfaceOrientations_iPad = "UIInterfaceOrientationPortrait UIInterfaceOrientationPortraitUpsideDown UIInterfaceOrientationLandscapeLeft UIInterfaceOrientationLandscapeRight";
				INFOPLIST_KEY_UISupportedInterfaceOrientations_iPhone = "UIInterfaceOrientationPortrait UIInterfaceOrientationLandscapeLeft UIInterfaceOrientationLandscapeRight";
				LD_RUNPATH_SEARCH_PATHS = (
					"$(inherited)",
					"@executable_path/Frameworks",
				);
				MARKETING_VERSION = 1.0;
				PRODUCT_BUNDLE_IDENTIFIER = com.companyproject.CompanyProject;
				PRODUCT_NAME = "$(TARGET_NAME)";
				SWIFT_EMIT_LOC_STRINGS = YES;
				SWIFT_VERSION = 5.0;
				TARGETED_DEVICE_FAMILY = "1,2";
			};
			name = Release;
		};
/* End XCBuildConfiguration section */

/* Begin XCConfigurationList section */
		CECC7DF3296EAC6A00ADC43E /* Build configuration list for PBXProject "CompanyProject" */ = {
			isa = XCConfigurationList;
			buildConfigurations = (
				CECC7E0A296EAC6B00ADC43E /* Debug */,
				CECC7E0B296EAC6B00ADC43E /* Release */,
			);
			defaultConfigurationIsVisible = 0;
			defaultConfigurationName = Release;
		};
		CECC7E0C296EAC6B00ADC43E /* Build configuration list for PBXNativeTarget "CompanyProject" */ = {
			isa = XCConfigurationList;
			buildConfigurations = (
				CECC7E0D296EAC6B00ADC43E /* Debug */,
				CECC7E0E296EAC6B00ADC43E /* Release */,
			);
			defaultConfigurationIsVisible = 0;
			defaultConfigurationName = Release;
		};
/* End XCConfigurationList section */
	};
	rootObject = CECC7DF0296EAC6A00ADC43E /* Project object */;
}
